
Microsoft Visual Studio Solution File, Format Version 12.00
# Visual Studio Version 17
VisualStudioVersion = 17.4.33103.184
MinimumVisualStudioVersion = 10.0.40219.1
Project("{9A19103F-16F7-4668-BE54-9A1E7A4F7556}") = "Rede Social Da Galera - Tryitter", "Rede Social Da Galera - Tryitter\Rede Social Da Galera - Tryitter.csproj", "{EE0AF5A0-AE74-49EE-837D-B070CE98AF36}"
EndProject
Project("{FAE04EC0-301F-11D3-BF4B-00C04F79EFBC}") = "Tryitter.Tests", "TryitterTests\Tryitter.Tests.csproj", "{785F62BD-8829-491C-A164-333329906807}"
EndProject
Global
	GlobalSection(SolutionConfigurationPlatforms) = preSolution
		Debug|Any CPU = Debug|Any CPU
		Release|Any CPU = Release|Any CPU
	EndGlobalSection
	GlobalSection(ProjectConfigurationPlatforms) = postSolution
		{EE0AF5A0-AE74-49EE-837D-B070CE98AF36}.Debug|Any CPU.ActiveCfg = Debug|Any CPU
		{EE0AF5A0-AE74-49EE-837D-B070CE98AF36}.Debug|Any CPU.Build.0 = Debug|Any CPU
		{EE0AF5A0-AE74-49EE-837D-B070CE98AF36}.Release|Any CPU.ActiveCfg = Release|Any CPU
		{EE0AF5A0-AE74-49EE-837D-B070CE98AF36}.Release|Any CPU.Build.0 = Release|Any CPU
		{785F62BD-8829-491C-A164-333329906807}.Debug|Any CPU.ActiveCfg = Debug|Any CPU
		{785F62BD-8829-491C-A164-333329906807}.Debug|Any CPU.Build.0 = Debug|Any CPU
		{785F62BD-8829-491C-A164-333329906807}.Release|Any CPU.ActiveCfg = Release|Any CPU
		{785F62BD-8829-491C-A164-333329906807}.Release|Any CPU.Build.0 = Release|Any CPU
	EndGlobalSection
	GlobalSection(SolutionProperties) = preSolution
		HideSolutionNode = FALSE
	EndGlobalSection
	GlobalSection(ExtensibilityGlobals) = postSolution
		SolutionGuid = {DB0E0BF0-D2BC-4AED-92DE-F9AC3E378808}
	EndGlobalSection
EndGlobal
